
Microsoft Visual Studio Solution File, Format Version 12.00
# Visual Studio Version 16
VisualStudioVersion = 16.0.31729.503
MinimumVisualStudioVersion = 10.0.40219.1
Project("{FAE04EC0-301F-11D3-BF4B-00C04F79EFBC}") = "LinkDemo", "LinkDemo.csproj", "{57D22F02-711B-4B1B-BDF8-B6D22EECBDC6}"
EndProject
Global
	GlobalSection(SolutionConfigurationPlatforms) = preSolution
		Debug|Any CPU = Debug|Any CPU
		Release|Any CPU = Release|Any CPU
	EndGlobalSection
	GlobalSection(ProjectConfigurationPlatforms) = postSolution
		{57D22F02-711B-4B1B-BDF8-B6D22EECBDC6}.Debug|Any CPU.ActiveCfg = Debug|Any CPU
		{57D22F02-711B-4B1B-BDF8-B6D22EECBDC6}.Debug|Any CPU.Build.0 = Debug|Any CPU
		{57D22F02-711B-4B1B-BDF8-B6D22EECBDC6}.Release|Any CPU.ActiveCfg = Release|Any CPU
		{57D22F02-711B-4B1B-BDF8-B6D22EECBDC6}.Release|Any CPU.Build.0 = Release|Any CPU
	EndGlobalSection
	GlobalSection(SolutionProperties) = preSolution
		HideSolutionNode = FALSE
	EndGlobalSection
	GlobalSection(ExtensibilityGlobals) = postSolution
		SolutionGuid = {BB4372CD-E1D2-4607-9293-740CD199E037}
	EndGlobalSection
EndGlobal
