
Microsoft Visual Studio Solution File, Format Version 12.00
# Visual Studio Version 16
VisualStudioVersion = 16.0.31729.503
MinimumVisualStudioVersion = 10.0.40219.1
Project("{9A19103F-16F7-4668-BE54-9A1E7A4F7556}") = "MVC_Asp_SQL_demo_2", "MVC_Asp_SQL_demo_2.csproj", "{2E68595E-70BE-4923-83FC-A6AE16CE685B}"
EndProject
Global
	GlobalSection(SolutionConfigurationPlatforms) = preSolution
		Debug|Any CPU = Debug|Any CPU
		Release|Any CPU = Release|Any CPU
	EndGlobalSection
	GlobalSection(ProjectConfigurationPlatforms) = postSolution
		{2E68595E-70BE-4923-83FC-A6AE16CE685B}.Debug|Any CPU.ActiveCfg = Debug|Any CPU
		{2E68595E-70BE-4923-83FC-A6AE16CE685B}.Debug|Any CPU.Build.0 = Debug|Any CPU
		{2E68595E-70BE-4923-83FC-A6AE16CE685B}.Release|Any CPU.ActiveCfg = Release|Any CPU
		{2E68595E-70BE-4923-83FC-A6AE16CE685B}.Release|Any CPU.Build.0 = Release|Any CPU
	EndGlobalSection
	GlobalSection(SolutionProperties) = preSolution
		HideSolutionNode = FALSE
	EndGlobalSection
	GlobalSection(ExtensibilityGlobals) = postSolution
		SolutionGuid = {7138FFCC-66A4-4EA6-8AB4-8DA2EF5E065A}
	EndGlobalSection
EndGlobal
